
Microsoft Visual Studio Solution File, Format Version 12.00
# Visual Studio 15
VisualStudioVersion = 15.0.26430.16
MinimumVisualStudioVersion = 10.0.40219.1
Project("{FAE04EC0-301F-11D3-BF4B-00C04F79EFBC}") = "MyApp01", "MyApp01\MyApp01.csproj", "{31B37701-E43A-4CE9-B42A-17764B9CAC1C}"
EndProject
Project("{FAE04EC0-301F-11D3-BF4B-00C04F79EFBC}") = "MyApp01.Tests", "MyApp01.Tests\MyApp01.Tests.csproj", "{9C0BF8CF-BAD2-4F41-BEA4-2F9DB169893F}"
EndProject
Global
	GlobalSection(SolutionConfigurationPlatforms) = preSolution
		Debug|Any CPU = Debug|Any CPU
		Release|Any CPU = Release|Any CPU
	EndGlobalSection
	GlobalSection(ProjectConfigurationPlatforms) = postSolution
		{31B37701-E43A-4CE9-B42A-17764B9CAC1C}.Debug|Any CPU.ActiveCfg = Debug|Any CPU
		{31B37701-E43A-4CE9-B42A-17764B9CAC1C}.Debug|Any CPU.Build.0 = Debug|Any CPU
		{31B37701-E43A-4CE9-B42A-17764B9CAC1C}.Release|Any CPU.ActiveCfg = Release|Any CPU
		{31B37701-E43A-4CE9-B42A-17764B9CAC1C}.Release|Any CPU.Build.0 = Release|Any CPU
		{9C0BF8CF-BAD2-4F41-BEA4-2F9DB169893F}.Debug|Any CPU.ActiveCfg = Debug|Any CPU
		{9C0BF8CF-BAD2-4F41-BEA4-2F9DB169893F}.Debug|Any CPU.Build.0 = Debug|Any CPU
		{9C0BF8CF-BAD2-4F41-BEA4-2F9DB169893F}.Release|Any CPU.ActiveCfg = Release|Any CPU
		{9C0BF8CF-BAD2-4F41-BEA4-2F9DB169893F}.Release|Any CPU.Build.0 = Release|Any CPU
	EndGlobalSection
	GlobalSection(SolutionProperties) = preSolution
		HideSolutionNode = FALSE
	EndGlobalSection
EndGlobal
